{
  "files": {
    "averitec/dev.jsonl": {
      "n_lines": 500,
      "sha256": "d994098e05100064fdde36e7f5c944b7c5e0c3503ec33dcf075293bf2b1cb14a"
    },
    "averitec/test.jsonl": {
      "n_lines": 307,
      "sha256": "bad8a9ca888884056510a3d53791bc7c52243cac9281a1a4c14fe36ead5911e2"
    },
    "averitec/train.jsonl": {
      "n_lines": 2666,
      "sha256": "a322259c4bcdb60fd97ceded69df8a493935592236888768d67db03a7a5d7313"
    },
    "checkthat25_t2/dev.jsonl": {
      "n_lines": 1271,
      "sha256": "273a553aed83c44c54338040d2b8a4164da5aa0b25c6a3174e1d41b04194368b"
    },
    "checkthat25_t2/test.jsonl": {
      "n_lines": 1485,
      "sha256": "7f2e4b1120482e988f7eec13a68cf5b1ac1ef3d8bf5729ff2e10af16fd736c6d"
    },
    "checkthat25_t2/train.jsonl": {
      "n_lines": 8318,
      "sha256": "8809e2ec237150287f6f7b48f184e4f2724439b4fd61309bf072eaf1c6742bd3"
    },
    "handtyped/dev.jsonl": {
      "n_lines": 100,
      "sha256": "d74288f9df6836036f14b0d98765b37f551930fa2c61370e3d027fe926a1bbd9"
    },
    "multiclaim/dev.jsonl": {
      "n_lines": 3153,
      "sha256": "b1b0ff4c1b6300e01536b80a3f084dd4938cf28d428469532a581c0a2f57b7fd"
    },
    "multiclaim/test.jsonl": {
      "n_lines": 3156,
      "sha256": "c5435d77c490dd2c41c395e2a0833376521ca19f647004985ac0013c567c7ce2"
    },
    "multiclaim/train.jsonl": {
      "n_lines": 24642,
      "sha256": "10e48d98fcc2479fdc62f33227b70cea2ea3fac2bc9acdd4cd0be4ff6f8f17e6"
    },
    "x_claim/dev.jsonl": {
      "n_lines": 600,
      "sha256": "acc94da887669db4a256a76b3b3ed49adfa5d6d9a5e59dee7714ae3d22c69fb1"
    },
    "x_claim/test.jsonl": {
      "n_lines": 571,
      "sha256": "0fbe2005f3361b1e3d982c36d20976c9bc14fe263baa375065f2ef891eaea489"
    },
    "x_claim/train.jsonl": {
      "n_lines": 4398,
      "sha256": "31c8737cacbc9cfe38dbf1bcf610a95a0bdbbf85b4172660cb32e1d04479bdf2"
    }
  },
  "version": 1
}
