{
  "files": {
    "toy_clean/dev.jsonl": {
      "n_lines": 9,
      "sha256": "bcbbccd77b4f62f818908e0a9a169e8e07c65abaabc2dc353142a78f1af49556"
    },
    "toy_clean/test.jsonl": {
      "n_lines": 5,
      "sha256": "aafc1126481caf218199dca1a7c78cef240e2567fa1b2e41a68f206074ff065d"
    },
    "toy_clean/train.jsonl": {
      "n_lines": 14,
      "sha256": "584c25d871c854d60b3efadd7101ca2c4a537118556aed8dde6922821f4c06b5"
    },
    "toy_leaky/dev.jsonl": {
      "n_lines": 13,
      "sha256": "f7902c4ef7b0789bf356687e10ea09938d026e714b58874a52d45ba7a8d67884"
    },
    "toy_leaky/test.jsonl": {
      "n_lines": 5,
      "sha256": "7d56865b6b7ebf98f0b315ef28b4c8a7d2e81bf5ffa56f3aefa99d762f46be2b"
    },
    "toy_leaky/train.jsonl": {
      "n_lines": 14,
      "sha256": "2ca01794df4b4bde267147a16ab179bed224008592d5c56214ccea75bde6cff7"
    }
  },
  "version": 1
}
